
Microsoft Visual Studio Solution File, Format Version 12.00
# Visual Studio 14
VisualStudioVersion = 14.0.25420.1
MinimumVisualStudioVersion = 10.0.40219.1
Project("{2150E333-8FDC-42A3-9474-1A3956D46DE8}") = "src", "src", "{99B519E5-770F-44F8-BBDB-3140A98E4C17}"
EndProject
Project("{2150E333-8FDC-42A3-9474-1A3956D46DE8}") = "Solution Items", "Solution Items", "{E10B7754-D314-4DF8-8A8A-B95079832EA8}"
	ProjectSection(SolutionItems) = preProject
		global.json = global.json
	EndProjectSection
EndProject
Project("{8BB2217D-0F2D-49D1-97BC-3654ED321F3B}") = "Identity.Sts", "src\Identity.Sts\Identity.Sts.xproj", "{BF475B9A-FB68-41DF-B228-A21C6399ED96}"
EndProject
Project("{8BB2217D-0F2D-49D1-97BC-3654ED321F3B}") = "Identity.Mvc", "src\Identity.Mvc\Identity.Mvc.xproj", "{C9337595-4875-4CBF-96B1-032746A61CEB}"
EndProject
Global
	GlobalSection(SolutionConfigurationPlatforms) = preSolution
		Debug|Any CPU = Debug|Any CPU
		Release|Any CPU = Release|Any CPU
	EndGlobalSection
	GlobalSection(ProjectConfigurationPlatforms) = postSolution
		{BF475B9A-FB68-41DF-B228-A21C6399ED96}.Debug|Any CPU.ActiveCfg = Debug|Any CPU
		{BF475B9A-FB68-41DF-B228-A21C6399ED96}.Debug|Any CPU.Build.0 = Debug|Any CPU
		{BF475B9A-FB68-41DF-B228-A21C6399ED96}.Release|Any CPU.ActiveCfg = Release|Any CPU
		{BF475B9A-FB68-41DF-B228-A21C6399ED96}.Release|Any CPU.Build.0 = Release|Any CPU
		{C9337595-4875-4CBF-96B1-032746A61CEB}.Debug|Any CPU.ActiveCfg = Debug|Any CPU
		{C9337595-4875-4CBF-96B1-032746A61CEB}.Debug|Any CPU.Build.0 = Debug|Any CPU
		{C9337595-4875-4CBF-96B1-032746A61CEB}.Release|Any CPU.ActiveCfg = Release|Any CPU
		{C9337595-4875-4CBF-96B1-032746A61CEB}.Release|Any CPU.Build.0 = Release|Any CPU
	EndGlobalSection
	GlobalSection(SolutionProperties) = preSolution
		HideSolutionNode = FALSE
	EndGlobalSection
	GlobalSection(NestedProjects) = preSolution
		{BF475B9A-FB68-41DF-B228-A21C6399ED96} = {99B519E5-770F-44F8-BBDB-3140A98E4C17}
		{C9337595-4875-4CBF-96B1-032746A61CEB} = {99B519E5-770F-44F8-BBDB-3140A98E4C17}
	EndGlobalSection
EndGlobal
